// !$*UTF8*$!
{
	archiveVersion = 1;
	classes = {
	};
	objectVersion = 46;
	objects = {

/* Begin PBXBuildFile section */
		A84A0C341710500433FB0D0A /* libPods-OriginalPoint.a in Frameworks */ = {isa = PBXBuildFile; fileRef = C8BC7FCE7AE0A18A7634BC7F /* libPods-OriginalPoint.a */; };
		D01B71481E2B0FBD00A0CC49 /* InfoViewController.swift in Sources */ = {isa = PBXBuildFile; fileRef = D01B71461E2B0FBD00A0CC49 /* InfoViewController.swift */; };
		D01B71491E2B0FBD00A0CC49 /* InfoViewController.xib in Resources */ = {isa = PBXBuildFile; fileRef = D01B71471E2B0FBD00A0CC49 /* InfoViewController.xib */; };
		D01B71541E2B10DC00A0CC49 /* MassageBodyViewController.swift in Sources */ = {isa = PBXBuildFile; fileRef = D01B71521E2B10DC00A0CC49 /* MassageBodyViewController.swift */; };
		D01B71551E2B10DC00A0CC49 /* MassageBodyViewController.xib in Resources */ = {isa = PBXBuildFile; fileRef = D01B71531E2B10DC00A0CC49 /* MassageBodyViewController.xib */; };
		D01B71581E2B10E800A0CC49 /* BodyDetailViewController.swift in Sources */ = {isa = PBXBuildFile; fileRef = D01B71561E2B10E800A0CC49 /* BodyDetailViewController.swift */; };
		D01B71591E2B10E800A0CC49 /* BodyDetailViewController.xib in Resources */ = {isa = PBXBuildFile; fileRef = D01B71571E2B10E800A0CC49 /* BodyDetailViewController.xib */; };
		D01B715C1E2B10F600A0CC49 /* CaseMainViewController.swift in Sources */ = {isa = PBXBuildFile; fileRef = D01B715A1E2B10F600A0CC49 /* CaseMainViewController.swift */; };
		D01B715D1E2B10F600A0CC49 /* CaseMainViewController.xib in Resources */ = {isa = PBXBuildFile; fileRef = D01B715B1E2B10F600A0CC49 /* CaseMainViewController.xib */; };
		D01B71601E2B110400A0CC49 /* CaseDetailViewController.swift in Sources */ = {isa = PBXBuildFile; fileRef = D01B715E1E2B110400A0CC49 /* CaseDetailViewController.swift */; };
		D01B71611E2B110400A0CC49 /* CaseDetailViewController.xib in Resources */ = {isa = PBXBuildFile; fileRef = D01B715F1E2B110400A0CC49 /* CaseDetailViewController.xib */; };
		D01B71641E2B111900A0CC49 /* MapViewController.swift in Sources */ = {isa = PBXBuildFile; fileRef = D01B71621E2B111900A0CC49 /* MapViewController.swift */; };
		D01B71651E2B111900A0CC49 /* MapViewController.xib in Resources */ = {isa = PBXBuildFile; fileRef = D01B71631E2B111900A0CC49 /* MapViewController.xib */; };
		D01B71681E2B112300A0CC49 /* StationDetailViewController.swift in Sources */ = {isa = PBXBuildFile; fileRef = D01B71661E2B112300A0CC49 /* StationDetailViewController.swift */; };
		D01B71691E2B112300A0CC49 /* StationDetailViewController.xib in Resources */ = {isa = PBXBuildFile; fileRef = D01B71671E2B112300A0CC49 /* StationDetailViewController.xib */; };
		D01B716C1E2B113200A0CC49 /* CalendarViewController.swift in Sources */ = {isa = PBXBuildFile; fileRef = D01B716A1E2B113200A0CC49 /* CalendarViewController.swift */; };
		D01B716D1E2B113200A0CC49 /* CalendarViewController.xib in Resources */ = {isa = PBXBuildFile; fileRef = D01B716B1E2B113200A0CC49 /* CalendarViewController.xib */; };
		D01B71701E2B113C00A0CC49 /* SettingViewController.swift in Sources */ = {isa = PBXBuildFile; fileRef = D01B716E1E2B113C00A0CC49 /* SettingViewController.swift */; };
		D01B71711E2B113C00A0CC49 /* SettingViewController.xib in Resources */ = {isa = PBXBuildFile; fileRef = D01B716F1E2B113C00A0CC49 /* SettingViewController.xib */; };
		D01B71741E2B114A00A0CC49 /* NotiBoxViewController.swift in Sources */ = {isa = PBXBuildFile; fileRef = D01B71721E2B114A00A0CC49 /* NotiBoxViewController.swift */; };
		D01B71751E2B114A00A0CC49 /* NotiBoxViewController.xib in Resources */ = {isa = PBXBuildFile; fileRef = D01B71731E2B114A00A0CC49 /* NotiBoxViewController.xib */; };
		D01B71781E2B115600A0CC49 /* NotiDetailViewController.swift in Sources */ = {isa = PBXBuildFile; fileRef = D01B71761E2B115600A0CC49 /* NotiDetailViewController.swift */; };
		D01B71791E2B115600A0CC49 /* NotiDetailViewController.xib in Resources */ = {isa = PBXBuildFile; fileRef = D01B71771E2B115600A0CC49 /* NotiDetailViewController.xib */; };
		D088468D1E25D1FC00003CB3 /* SPTabbarViewController.swift in Sources */ = {isa = PBXBuildFile; fileRef = D08846891E25D1FC00003CB3 /* SPTabbarViewController.swift */; };
		D088468E1E25D1FC00003CB3 /* SPTabbarViewController.xib in Resources */ = {isa = PBXBuildFile; fileRef = D088468A1E25D1FC00003CB3 /* SPTabbarViewController.xib */; };
		D0C7FCF71E23637F008CABB7 /* AppDelegate.swift in Sources */ = {isa = PBXBuildFile; fileRef = D0C7FCF61E23637F008CABB7 /* AppDelegate.swift */; };
		D0C7FCFC1E23637F008CABB7 /* Main.storyboard in Resources */ = {isa = PBXBuildFile; fileRef = D0C7FCFA1E23637F008CABB7 /* Main.storyboard */; };
		D0C7FCFE1E23637F008CABB7 /* Assets.xcassets in Resources */ = {isa = PBXBuildFile; fileRef = D0C7FCFD1E23637F008CABB7 /* Assets.xcassets */; };
		D0C7FD011E23637F008CABB7 /* LaunchScreen.storyboard in Resources */ = {isa = PBXBuildFile; fileRef = D0C7FCFF1E23637F008CABB7 /* LaunchScreen.storyboard */; };
		D0FB92C31E25CEEC00AADDA4 /* GoogleService-Info.plist in Resources */ = {isa = PBXBuildFile; fileRef = D0FB92C21E25CEEC00AADDA4 /* GoogleService-Info.plist */; };
/* End PBXBuildFile section */

/* Begin PBXFileReference section */
		2C07D12C1A46FB1F43AE2D87 /* Pods-OriginalPoint.release.xcconfig */ = {isa = PBXFileReference; includeInIndex = 1; lastKnownFileType = text.xcconfig; name = "Pods-OriginalPoint.release.xcconfig"; path = "Pods/Target Support Files/Pods-OriginalPoint/Pods-OriginalPoint.release.xcconfig"; sourceTree = "<group>"; };
		5E3D6F3B783D1F8635429EF1 /* Pods-OriginalPoint.debug.xcconfig */ = {isa = PBXFileReference; includeInIndex = 1; lastKnownFileType = text.xcconfig; name = "Pods-OriginalPoint.debug.xcconfig"; path = "Pods/Target Support Files/Pods-OriginalPoint/Pods-OriginalPoint.debug.xcconfig"; sourceTree = "<group>"; };
		C8BC7FCE7AE0A18A7634BC7F /* libPods-OriginalPoint.a */ = {isa = PBXFileReference; explicitFileType = archive.ar; includeInIndex = 0; path = "libPods-OriginalPoint.a"; sourceTree = BUILT_PRODUCTS_DIR; };
		D01B71461E2B0FBD00A0CC49 /* InfoViewController.swift */ = {isa = PBXFileReference; fileEncoding = 4; lastKnownFileType = sourcecode.swift; path = InfoViewController.swift; sourceTree = "<group>"; };
		D01B71471E2B0FBD00A0CC49 /* InfoViewController.xib */ = {isa = PBXFileReference; fileEncoding = 4; lastKnownFileType = file.xib; path = InfoViewController.xib; sourceTree = "<group>"; };
		D01B71521E2B10DC00A0CC49 /* MassageBodyViewController.swift */ = {isa = PBXFileReference; fileEncoding = 4; lastKnownFileType = sourcecode.swift; path = MassageBodyViewController.swift; sourceTree = "<group>"; };
		D01B71531E2B10DC00A0CC49 /* MassageBodyViewController.xib */ = {isa = PBXFileReference; fileEncoding = 4; lastKnownFileType = file.xib; path = MassageBodyViewController.xib; sourceTree = "<group>"; };
		D01B71561E2B10E800A0CC49 /* BodyDetailViewController.swift */ = {isa = PBXFileReference; fileEncoding = 4; lastKnownFileType = sourcecode.swift; path = BodyDetailViewController.swift; sourceTree = "<group>"; };
		D01B71571E2B10E800A0CC49 /* BodyDetailViewController.xib */ = {isa = PBXFileReference; fileEncoding = 4; lastKnownFileType = file.xib; path = BodyDetailViewController.xib; sourceTree = "<group>"; };
		D01B715A1E2B10F600A0CC49 /* CaseMainViewController.swift */ = {isa = PBXFileReference; fileEncoding = 4; lastKnownFileType = sourcecode.swift; path = CaseMainViewController.swift; sourceTree = "<group>"; };
		D01B715B1E2B10F600A0CC49 /* CaseMainViewController.xib */ = {isa = PBXFileReference; fileEncoding = 4; lastKnownFileType = file.xib; path = CaseMainViewController.xib; sourceTree = "<group>"; };
		D01B715E1E2B110400A0CC49 /* CaseDetailViewController.swift */ = {isa = PBXFileReference; fileEncoding = 4; lastKnownFileType = sourcecode.swift; path = CaseDetailViewController.swift; sourceTree = "<group>"; };
		D01B715F1E2B110400A0CC49 /* CaseDetailViewController.xib */ = {isa = PBXFileReference; fileEncoding = 4; lastKnownFileType = file.xib; path = CaseDetailViewController.xib; sourceTree = "<group>"; };
		D01B71621E2B111900A0CC49 /* MapViewController.swift */ = {isa = PBXFileReference; fileEncoding = 4; lastKnownFileType = sourcecode.swift; path = MapViewController.swift; sourceTree = "<group>"; };
		D01B71631E2B111900A0CC49 /* MapViewController.xib */ = {isa = PBXFileReference; fileEncoding = 4; lastKnownFileType = file.xib; path = MapViewController.xib; sourceTree = "<group>"; };
		D01B71661E2B112300A0CC49 /* StationDetailViewController.swift */ = {isa = PBXFileReference; fileEncoding = 4; lastKnownFileType = sourcecode.swift; path = StationDetailViewController.swift; sourceTree = "<group>"; };
		D01B71671E2B112300A0CC49 /* StationDetailViewController.xib */ = {isa = PBXFileReference; fileEncoding = 4; lastKnownFileType = file.xib; path = StationDetailViewController.xib; sourceTree = "<group>"; };
		D01B716A1E2B113200A0CC49 /* CalendarViewController.swift */ = {isa = PBXFileReference; fileEncoding = 4; lastKnownFileType = sourcecode.swift; path = CalendarViewController.swift; sourceTree = "<group>"; };
		D01B716B1E2B113200A0CC49 /* CalendarViewController.xib */ = {isa = PBXFileReference; fileEncoding = 4; lastKnownFileType = file.xib; path = CalendarViewController.xib; sourceTree = "<group>"; };
		D01B716E1E2B113C00A0CC49 /* SettingViewController.swift */ = {isa = PBXFileReference; fileEncoding = 4; lastKnownFileType = sourcecode.swift; path = SettingViewController.swift; sourceTree = "<group>"; };
		D01B716F1E2B113C00A0CC49 /* SettingViewController.xib */ = {isa = PBXFileReference; fileEncoding = 4; lastKnownFileType = file.xib; path = SettingViewController.xib; sourceTree = "<group>"; };
		D01B71721E2B114A00A0CC49 /* NotiBoxViewController.swift */ = {isa = PBXFileReference; fileEncoding = 4; lastKnownFileType = sourcecode.swift; path = NotiBoxViewController.swift; sourceTree = "<group>"; };
		D01B71731E2B114A00A0CC49 /* NotiBoxViewController.xib */ = {isa = PBXFileReference; fileEncoding = 4; lastKnownFileType = file.xib; path = NotiBoxViewController.xib; sourceTree = "<group>"; };
		D01B71761E2B115600A0CC49 /* NotiDetailViewController.swift */ = {isa = PBXFileReference; fileEncoding = 4; lastKnownFileType = sourcecode.swift; path = NotiDetailViewController.swift; sourceTree = "<group>"; };
		D01B71771E2B115600A0CC49 /* NotiDetailViewController.xib */ = {isa = PBXFileReference; fileEncoding = 4; lastKnownFileType = file.xib; path = NotiDetailViewController.xib; sourceTree = "<group>"; };
		D08846891E25D1FC00003CB3 /* SPTabbarViewController.swift */ = {isa = PBXFileReference; fileEncoding = 4; lastKnownFileType = sourcecode.swift; path = SPTabbarViewController.swift; sourceTree = "<group>"; };
		D088468A1E25D1FC00003CB3 /* SPTabbarViewController.xib */ = {isa = PBXFileReference; fileEncoding = 4; lastKnownFileType = file.xib; path = SPTabbarViewController.xib; sourceTree = "<group>"; };
		D0C7FCF31E23637F008CABB7 /* OriginalPoint.app */ = {isa = PBXFileReference; explicitFileType = wrapper.application; includeInIndex = 0; path = OriginalPoint.app; sourceTree = BUILT_PRODUCTS_DIR; };
		D0C7FCF61E23637F008CABB7 /* AppDelegate.swift */ = {isa = PBXFileReference; lastKnownFileType = sourcecode.swift; path = AppDelegate.swift; sourceTree = "<group>"; };
		D0C7FCFB1E23637F008CABB7 /* Base */ = {isa = PBXFileReference; lastKnownFileType = file.storyboard; name = Base; path = Base.lproj/Main.storyboard; sourceTree = "<group>"; };
		D0C7FCFD1E23637F008CABB7 /* Assets.xcassets */ = {isa = PBXFileReference; lastKnownFileType = folder.assetcatalog; path = Assets.xcassets; sourceTree = "<group>"; };
		D0C7FD001E23637F008CABB7 /* Base */ = {isa = PBXFileReference; lastKnownFileType = file.storyboard; name = Base; path = Base.lproj/LaunchScreen.storyboard; sourceTree = "<group>"; };
		D0C7FD021E23637F008CABB7 /* Info.plist */ = {isa = PBXFileReference; lastKnownFileType = text.plist.xml; path = Info.plist; sourceTree = "<group>"; };
		D0C7FD081E23642E008CABB7 /* PrefixHeader.h */ = {isa = PBXFileReference; lastKnownFileType = sourcecode.c.h; path = PrefixHeader.h; sourceTree = "<group>"; };
		D0FB92C21E25CEEC00AADDA4 /* GoogleService-Info.plist */ = {isa = PBXFileReference; fileEncoding = 4; lastKnownFileType = text.plist.xml; path = "GoogleService-Info.plist"; sourceTree = "<group>"; };
		D0FB92C41E25CF0800AADDA4 /* OriginalPoint.entitlements */ = {isa = PBXFileReference; lastKnownFileType = text.plist.entitlements; path = OriginalPoint.entitlements; sourceTree = "<group>"; };
/* End PBXFileReference section */

/* Begin PBXFrameworksBuildPhase section */
		D0C7FCF01E23637F008CABB7 /* Frameworks */ = {
			isa = PBXFrameworksBuildPhase;
			buildActionMask = 2147483647;
			files = (
				A84A0C341710500433FB0D0A /* libPods-OriginalPoint.a in Frameworks */,
			);
			runOnlyForDeploymentPostprocessing = 0;
		};
/* End PBXFrameworksBuildPhase section */

/* Begin PBXGroup section */
		56E5AAF3926FACE54214D3C1 /* Frameworks */ = {
			isa = PBXGroup;
			children = (
				C8BC7FCE7AE0A18A7634BC7F /* libPods-OriginalPoint.a */,
			);
			name = Frameworks;
			sourceTree = "<group>";
		};
		D01B71451E2B0F8200A0CC49 /* ViewController */ = {
			isa = PBXGroup;
			children = (
				D01B71461E2B0FBD00A0CC49 /* InfoViewController.swift */,
				D01B71471E2B0FBD00A0CC49 /* InfoViewController.xib */,
				D01B714B1E2B101A00A0CC49 /* Massage */,
				D01B714D1E2B103800A0CC49 /* Case */,
				D01B714E1E2B106100A0CC49 /* Station */,
				D01B714F1E2B109300A0CC49 /* Calendar */,
				D01B71501E2B109F00A0CC49 /* Setting */,
				D01B71511E2B10AC00A0CC49 /* NotiBox */,
			);
			path = ViewController;
			sourceTree = "<group>";
		};
		D01B714B1E2B101A00A0CC49 /* Massage */ = {
			isa = PBXGroup;
			children = (
				D01B71521E2B10DC00A0CC49 /* MassageBodyViewController.swift */,
				D01B71531E2B10DC00A0CC49 /* MassageBodyViewController.xib */,
				D01B71561E2B10E800A0CC49 /* BodyDetailViewController.swift */,
				D01B71571E2B10E800A0CC49 /* BodyDetailViewController.xib */,
			);
			path = Massage;
			sourceTree = "<group>";
		};
		D01B714D1E2B103800A0CC49 /* Case */ = {
			isa = PBXGroup;
			children = (
				D01B715A1E2B10F600A0CC49 /* CaseMainViewController.swift */,
				D01B715B1E2B10F600A0CC49 /* CaseMainViewController.xib */,
				D01B715E1E2B110400A0CC49 /* CaseDetailViewController.swift */,
				D01B715F1E2B110400A0CC49 /* CaseDetailViewController.xib */,
			);
			path = Case;
			sourceTree = "<group>";
		};
		D01B714E1E2B106100A0CC49 /* Station */ = {
			isa = PBXGroup;
			children = (
				D01B71621E2B111900A0CC49 /* MapViewController.swift */,
				D01B71631E2B111900A0CC49 /* MapViewController.xib */,
				D01B71661E2B112300A0CC49 /* StationDetailViewController.swift */,
				D01B71671E2B112300A0CC49 /* StationDetailViewController.xib */,
			);
			path = Station;
			sourceTree = "<group>";
		};
		D01B714F1E2B109300A0CC49 /* Calendar */ = {
			isa = PBXGroup;
			children = (
				D01B716A1E2B113200A0CC49 /* CalendarViewController.swift */,
				D01B716B1E2B113200A0CC49 /* CalendarViewController.xib */,
			);
			path = Calendar;
			sourceTree = "<group>";
		};
		D01B71501E2B109F00A0CC49 /* Setting */ = {
			isa = PBXGroup;
			children = (
				D01B716E1E2B113C00A0CC49 /* SettingViewController.swift */,
				D01B716F1E2B113C00A0CC49 /* SettingViewController.xib */,
			);
			path = Setting;
			sourceTree = "<group>";
		};
		D01B71511E2B10AC00A0CC49 /* NotiBox */ = {
			isa = PBXGroup;
			children = (
				D01B71721E2B114A00A0CC49 /* NotiBoxViewController.swift */,
				D01B71731E2B114A00A0CC49 /* NotiBoxViewController.xib */,
				D01B71761E2B115600A0CC49 /* NotiDetailViewController.swift */,
				D01B71771E2B115600A0CC49 /* NotiDetailViewController.xib */,
			);
			path = NotiBox;
			sourceTree = "<group>";
		};
		D08846861E25D1FC00003CB3 /* ContainerClass */ = {
			isa = PBXGroup;
			children = (
				D08846891E25D1FC00003CB3 /* SPTabbarViewController.swift */,
				D088468A1E25D1FC00003CB3 /* SPTabbarViewController.xib */,
			);
			path = ContainerClass;
			sourceTree = "<group>";
		};
		D0C7FCEA1E23637F008CABB7 = {
			isa = PBXGroup;
			children = (
				D0C7FCF51E23637F008CABB7 /* OriginalPoint */,
				D0C7FCF41E23637F008CABB7 /* Products */,
				FE9830C697F4DF6AC1A363AA /* Pods */,
				56E5AAF3926FACE54214D3C1 /* Frameworks */,
			);
			sourceTree = "<group>";
		};
		D0C7FCF41E23637F008CABB7 /* Products */ = {
			isa = PBXGroup;
			children = (
				D0C7FCF31E23637F008CABB7 /* OriginalPoint.app */,
			);
			name = Products;
			sourceTree = "<group>";
		};
		D0C7FCF51E23637F008CABB7 /* OriginalPoint */ = {
			isa = PBXGroup;
			children = (
				D0FB92C41E25CF0800AADDA4 /* OriginalPoint.entitlements */,
				D0C7FCF61E23637F008CABB7 /* AppDelegate.swift */,
				D08846861E25D1FC00003CB3 /* ContainerClass */,
				D01B71451E2B0F8200A0CC49 /* ViewController */,
				D0C7FCFA1E23637F008CABB7 /* Main.storyboard */,
				D0C7FCFD1E23637F008CABB7 /* Assets.xcassets */,
				D0C7FCFF1E23637F008CABB7 /* LaunchScreen.storyboard */,
				D0FB92C21E25CEEC00AADDA4 /* GoogleService-Info.plist */,
				D0C7FD021E23637F008CABB7 /* Info.plist */,
				D0C7FD081E23642E008CABB7 /* PrefixHeader.h */,
			);
			path = OriginalPoint;
			sourceTree = "<group>";
		};
		FE9830C697F4DF6AC1A363AA /* Pods */ = {
			isa = PBXGroup;
			children = (
				5E3D6F3B783D1F8635429EF1 /* Pods-OriginalPoint.debug.xcconfig */,
				2C07D12C1A46FB1F43AE2D87 /* Pods-OriginalPoint.release.xcconfig */,
			);
			name = Pods;
			sourceTree = "<group>";
		};
/* End PBXGroup section */

/* Begin PBXNativeTarget section */
		D0C7FCF21E23637F008CABB7 /* OriginalPoint */ = {
			isa = PBXNativeTarget;
			buildConfigurationList = D0C7FD051E23637F008CABB7 /* Build configuration list for PBXNativeTarget "OriginalPoint" */;
			buildPhases = (
				B4C6CBE994F45895C17AA76C /* [CP] Check Pods Manifest.lock */,
				D0C7FCEF1E23637F008CABB7 /* Sources */,
				D0C7FCF01E23637F008CABB7 /* Frameworks */,
				D0C7FCF11E23637F008CABB7 /* Resources */,
				A72E913B6CA217A6A2CA36F1 /* [CP] Embed Pods Frameworks */,
				DDAA202EFEB50AF20624F947 /* [CP] Copy Pods Resources */,
			);
			buildRules = (
			);
			dependencies = (
			);
			name = OriginalPoint;
			productName = OriginalPoint;
			productReference = D0C7FCF31E23637F008CABB7 /* OriginalPoint.app */;
			productType = "com.apple.product-type.application";
		};
/* End PBXNativeTarget section */

/* Begin PBXProject section */
		D0C7FCEB1E23637F008CABB7 /* Project object */ = {
			isa = PBXProject;
			attributes = {
				LastSwiftUpdateCheck = 0820;
				LastUpgradeCheck = 0820;
				ORGANIZATIONNAME = OP;
				TargetAttributes = {
					D0C7FCF21E23637F008CABB7 = {
						CreatedOnToolsVersion = 8.2.1;
						DevelopmentTeam = R5TFMRHGKB;
						ProvisioningStyle = Automatic;
						SystemCapabilities = {
							com.apple.Push = {
								enabled = 1;
							};
						};
					};
				};
			};
			buildConfigurationList = D0C7FCEE1E23637F008CABB7 /* Build configuration list for PBXProject "OriginalPoint" */;
			compatibilityVersion = "Xcode 3.2";
			developmentRegion = English;
			hasScannedForEncodings = 0;
			knownRegions = (
				en,
				Base,
			);
			mainGroup = D0C7FCEA1E23637F008CABB7;
			productRefGroup = D0C7FCF41E23637F008CABB7 /* Products */;
			projectDirPath = "";
			projectRoot = "";
			targets = (
				D0C7FCF21E23637F008CABB7 /* OriginalPoint */,
			);
		};
/* End PBXProject section */

/* Begin PBXResourcesBuildPhase section */
		D0C7FCF11E23637F008CABB7 /* Resources */ = {
			isa = PBXResourcesBuildPhase;
			buildActionMask = 2147483647;
			files = (
				D01B71691E2B112300A0CC49 /* StationDetailViewController.xib in Resources */,
				D088468E1E25D1FC00003CB3 /* SPTabbarViewController.xib in Resources */,
				D0C7FD011E23637F008CABB7 /* LaunchScreen.storyboard in Resources */,
				D01B715D1E2B10F600A0CC49 /* CaseMainViewController.xib in Resources */,
				D01B716D1E2B113200A0CC49 /* CalendarViewController.xib in Resources */,
				D0C7FCFE1E23637F008CABB7 /* Assets.xcassets in Resources */,
				D0FB92C31E25CEEC00AADDA4 /* GoogleService-Info.plist in Resources */,
				D01B71711E2B113C00A0CC49 /* SettingViewController.xib in Resources */,
				D01B71751E2B114A00A0CC49 /* NotiBoxViewController.xib in Resources */,
				D01B71791E2B115600A0CC49 /* NotiDetailViewController.xib in Resources */,
				D01B71491E2B0FBD00A0CC49 /* InfoViewController.xib in Resources */,
				D01B71591E2B10E800A0CC49 /* BodyDetailViewController.xib in Resources */,
				D01B71611E2B110400A0CC49 /* CaseDetailViewController.xib in Resources */,
				D0C7FCFC1E23637F008CABB7 /* Main.storyboard in Resources */,
				D01B71651E2B111900A0CC49 /* MapViewController.xib in Resources */,
				D01B71551E2B10DC00A0CC49 /* MassageBodyViewController.xib in Resources */,
			);
			runOnlyForDeploymentPostprocessing = 0;
		};
/* End PBXResourcesBuildPhase section */

/* Begin PBXShellScriptBuildPhase section */
		A72E913B6CA217A6A2CA36F1 /* [CP] Embed Pods Frameworks */ = {
			isa = PBXShellScriptBuildPhase;
			buildActionMask = 2147483647;
			files = (
			);
			inputPaths = (
			);
			name = "[CP] Embed Pods Frameworks";
			outputPaths = (
			);
			runOnlyForDeploymentPostprocessing = 0;
			shellPath = /bin/sh;
			shellScript = "\"${SRCROOT}/Pods/Target Support Files/Pods-OriginalPoint/Pods-OriginalPoint-frameworks.sh\"\n";
			showEnvVarsInLog = 0;
		};
		B4C6CBE994F45895C17AA76C /* [CP] Check Pods Manifest.lock */ = {
			isa = PBXShellScriptBuildPhase;
			buildActionMask = 2147483647;
			files = (
			);
			inputPaths = (
			);
			name = "[CP] Check Pods Manifest.lock";
			outputPaths = (
			);
			runOnlyForDeploymentPostprocessing = 0;
			shellPath = /bin/sh;
			shellScript = "diff \"${PODS_ROOT}/../Podfile.lock\" \"${PODS_ROOT}/Manifest.lock\" > /dev/null\nif [[ $? != 0 ]] ; then\n    cat << EOM\nerror: The sandbox is not in sync with the Podfile.lock. Run 'pod install' or update your CocoaPods installation.\nEOM\n    exit 1\nfi\n";
			showEnvVarsInLog = 0;
		};
		DDAA202EFEB50AF20624F947 /* [CP] Copy Pods Resources */ = {
			isa = PBXShellScriptBuildPhase;
			buildActionMask = 2147483647;
			files = (
			);
			inputPaths = (
			);
			name = "[CP] Copy Pods Resources";
			outputPaths = (
			);
			runOnlyForDeploymentPostprocessing = 0;
			shellPath = /bin/sh;
			shellScript = "\"${SRCROOT}/Pods/Target Support Files/Pods-OriginalPoint/Pods-OriginalPoint-resources.sh\"\n";
			showEnvVarsInLog = 0;
		};
/* End PBXShellScriptBuildPhase section */

/* Begin PBXSourcesBuildPhase section */
		D0C7FCEF1E23637F008CABB7 /* Sources */ = {
			isa = PBXSourcesBuildPhase;
			buildActionMask = 2147483647;
			files = (
				D01B71741E2B114A00A0CC49 /* NotiBoxViewController.swift in Sources */,
				D01B716C1E2B113200A0CC49 /* CalendarViewController.swift in Sources */,
				D01B71701E2B113C00A0CC49 /* SettingViewController.swift in Sources */,
				D01B71581E2B10E800A0CC49 /* BodyDetailViewController.swift in Sources */,
				D01B71781E2B115600A0CC49 /* NotiDetailViewController.swift in Sources */,
				D01B71601E2B110400A0CC49 /* CaseDetailViewController.swift in Sources */,
				D01B715C1E2B10F600A0CC49 /* CaseMainViewController.swift in Sources */,
				D01B71541E2B10DC00A0CC49 /* MassageBodyViewController.swift in Sources */,
				D0C7FCF71E23637F008CABB7 /* AppDelegate.swift in Sources */,
				D01B71481E2B0FBD00A0CC49 /* InfoViewController.swift in Sources */,
				D01B71681E2B112300A0CC49 /* StationDetailViewController.swift in Sources */,
				D088468D1E25D1FC00003CB3 /* SPTabbarViewController.swift in Sources */,
				D01B71641E2B111900A0CC49 /* MapViewController.swift in Sources */,
			);
			runOnlyForDeploymentPostprocessing = 0;
		};
/* End PBXSourcesBuildPhase section */

/* Begin PBXVariantGroup section */
		D0C7FCFA1E23637F008CABB7 /* Main.storyboard */ = {
			isa = PBXVariantGroup;
			children = (
				D0C7FCFB1E23637F008CABB7 /* Base */,
			);
			name = Main.storyboard;
			sourceTree = "<group>";
		};
		D0C7FCFF1E23637F008CABB7 /* LaunchScreen.storyboard */ = {
			isa = PBXVariantGroup;
			children = (
				D0C7FD001E23637F008CABB7 /* Base */,
			);
			name = LaunchScreen.storyboard;
			sourceTree = "<group>";
		};
/* End PBXVariantGroup section */

/* Begin XCBuildConfiguration section */
		D0C7FD031E23637F008CABB7 /* Debug */ = {
			isa = XCBuildConfiguration;
			buildSettings = {
				ALWAYS_SEARCH_USER_PATHS = NO;
				CLANG_ANALYZER_NONNULL = YES;
				CLANG_CXX_LANGUAGE_STANDARD = "gnu++0x";
				CLANG_CXX_LIBRARY = "libc++";
				CLANG_ENABLE_MODULES = YES;
				CLANG_ENABLE_OBJC_ARC = YES;
				CLANG_WARN_BOOL_CONVERSION = YES;
				CLANG_WARN_CONSTANT_CONVERSION = YES;
				CLANG_WARN_DIRECT_OBJC_ISA_USAGE = YES_ERROR;
				CLANG_WARN_DOCUMENTATION_COMMENTS = YES;
				CLANG_WARN_EMPTY_BODY = YES;
				CLANG_WARN_ENUM_CONVERSION = YES;
				CLANG_WARN_INFINITE_RECURSION = YES;
				CLANG_WARN_INT_CONVERSION = YES;
				CLANG_WARN_OBJC_ROOT_CLASS = YES_ERROR;
				CLANG_WARN_SUSPICIOUS_MOVE = YES;
				CLANG_WARN_UNREACHABLE_CODE = YES;
				CLANG_WARN__DUPLICATE_METHOD_MATCH = YES;
				"CODE_SIGN_IDENTITY[sdk=iphoneos*]" = "iPhone Developer";
				COPY_PHASE_STRIP = NO;
				DEBUG_INFORMATION_FORMAT = dwarf;
				ENABLE_STRICT_OBJC_MSGSEND = YES;
				ENABLE_TESTABILITY = YES;
				GCC_C_LANGUAGE_STANDARD = gnu99;
				GCC_DYNAMIC_NO_PIC = NO;
				GCC_NO_COMMON_BLOCKS = YES;
				GCC_OPTIMIZATION_LEVEL = 0;
				GCC_PREPROCESSOR_DEFINITIONS = (
					"DEBUG=1",
					"$(inherited)",
				);
				GCC_WARN_64_TO_32_BIT_CONVERSION = YES;
				GCC_WARN_ABOUT_RETURN_TYPE = YES_ERROR;
				GCC_WARN_UNDECLARED_SELECTOR = YES;
				GCC_WARN_UNINITIALIZED_AUTOS = YES_AGGRESSIVE;
				GCC_WARN_UNUSED_FUNCTION = YES;
				GCC_WARN_UNUSED_VARIABLE = YES;
				IPHONEOS_DEPLOYMENT_TARGET = 10.2;
				MTL_ENABLE_DEBUG_INFO = YES;
				ONLY_ACTIVE_ARCH = YES;
				SDKROOT = iphoneos;
				SWIFT_ACTIVE_COMPILATION_CONDITIONS = DEBUG;
				SWIFT_OPTIMIZATION_LEVEL = "-Onone";
			};
			name = Debug;
		};
		D0C7FD041E23637F008CABB7 /* Release */ = {
			isa = XCBuildConfiguration;
			buildSettings = {
				ALWAYS_SEARCH_USER_PATHS = NO;
				CLANG_ANALYZER_NONNULL = YES;
				CLANG_CXX_LANGUAGE_STANDARD = "gnu++0x";
				CLANG_CXX_LIBRARY = "libc++";
				CLANG_ENABLE_MODULES = YES;
				CLANG_ENABLE_OBJC_ARC = YES;
				CLANG_WARN_BOOL_CONVERSION = YES;
				CLANG_WARN_CONSTANT_CONVERSION = YES;
				CLANG_WARN_DIRECT_OBJC_ISA_USAGE = YES_ERROR;
				CLANG_WARN_DOCUMENTATION_COMMENTS = YES;
				CLANG_WARN_EMPTY_BODY = YES;
				CLANG_WARN_ENUM_CONVERSION = YES;
				CLANG_WARN_INFINITE_RECURSION = YES;
				CLANG_WARN_INT_CONVERSION = YES;
				CLANG_WARN_OBJC_ROOT_CLASS = YES_ERROR;
				CLANG_WARN_SUSPICIOUS_MOVE = YES;
				CLANG_WARN_UNREACHABLE_CODE = YES;
				CLANG_WARN__DUPLICATE_METHOD_MATCH = YES;
				"CODE_SIGN_IDENTITY[sdk=iphoneos*]" = "iPhone Developer";
				COPY_PHASE_STRIP = NO;
				DEBUG_INFORMATION_FORMAT = "dwarf-with-dsym";
				ENABLE_NS_ASSERTIONS = NO;
				ENABLE_STRICT_OBJC_MSGSEND = YES;
				GCC_C_LANGUAGE_STANDARD = gnu99;
				GCC_NO_COMMON_BLOCKS = YES;
				GCC_WARN_64_TO_32_BIT_CONVERSION = YES;
				GCC_WARN_ABOUT_RETURN_TYPE = YES_ERROR;
				GCC_WARN_UNDECLARED_SELECTOR = YES;
				GCC_WARN_UNINITIALIZED_AUTOS = YES_AGGRESSIVE;
				GCC_WARN_UNUSED_FUNCTION = YES;
				GCC_WARN_UNUSED_VARIABLE = YES;
				IPHONEOS_DEPLOYMENT_TARGET = 10.2;
				MTL_ENABLE_DEBUG_INFO = NO;
				SDKROOT = iphoneos;
				SWIFT_OPTIMIZATION_LEVEL = "-Owholemodule";
				VALIDATE_PRODUCT = YES;
			};
			name = Release;
		};
		D0C7FD061E23637F008CABB7 /* Debug */ = {
			isa = XCBuildConfiguration;
			baseConfigurationReference = 5E3D6F3B783D1F8635429EF1 /* Pods-OriginalPoint.debug.xcconfig */;
			buildSettings = {
				ASSETCATALOG_COMPILER_APPICON_NAME = AppIcon;
				CODE_SIGN_ENTITLEMENTS = OriginalPoint/OriginalPoint.entitlements;
				DEVELOPMENT_TEAM = R5TFMRHGKB;
				GCC_PREFIX_HEADER = OriginalPoint/PrefixHeader.h;
				INFOPLIST_FILE = OriginalPoint/Info.plist;
				IPHONEOS_DEPLOYMENT_TARGET = 9.0;
				LD_RUNPATH_SEARCH_PATHS = "$(inherited) @executable_path/Frameworks";
				PRODUCT_BUNDLE_IDENTIFIER = com.OP.OriginalPoint;
				PRODUCT_NAME = "$(TARGET_NAME)";
				SWIFT_VERSION = 3.0;
			};
			name = Debug;
		};
		D0C7FD071E23637F008CABB7 /* Release */ = {
			isa = XCBuildConfiguration;
			baseConfigurationReference = 2C07D12C1A46FB1F43AE2D87 /* Pods-OriginalPoint.release.xcconfig */;
			buildSettings = {
				ASSETCATALOG_COMPILER_APPICON_NAME = AppIcon;
				CODE_SIGN_ENTITLEMENTS = OriginalPoint/OriginalPoint.entitlements;
				DEVELOPMENT_TEAM = R5TFMRHGKB;
				GCC_PREFIX_HEADER = OriginalPoint/PrefixHeader.h;
				INFOPLIST_FILE = OriginalPoint/Info.plist;
				IPHONEOS_DEPLOYMENT_TARGET = 9.0;
				LD_RUNPATH_SEARCH_PATHS = "$(inherited) @executable_path/Frameworks";
				PRODUCT_BUNDLE_IDENTIFIER = com.OP.OriginalPoint;
				PRODUCT_NAME = "$(TARGET_NAME)";
				SWIFT_VERSION = 3.0;
			};
			name = Release;
		};
/* End XCBuildConfiguration section */

/* Begin XCConfigurationList section */
		D0C7FCEE1E23637F008CABB7 /* Build configuration list for PBXProject "OriginalPoint" */ = {
			isa = XCConfigurationList;
			buildConfigurations = (
				D0C7FD031E23637F008CABB7 /* Debug */,
				D0C7FD041E23637F008CABB7 /* Release */,
			);
			defaultConfigurationIsVisible = 0;
			defaultConfigurationName = Release;
		};
		D0C7FD051E23637F008CABB7 /* Build configuration list for PBXNativeTarget "OriginalPoint" */ = {
			isa = XCConfigurationList;
			buildConfigurations = (
				D0C7FD061E23637F008CABB7 /* Debug */,
				D0C7FD071E23637F008CABB7 /* Release */,
			);
			defaultConfigurationIsVisible = 0;
			defaultConfigurationName = Release;
		};
/* End XCConfigurationList section */
	};
	rootObject = D0C7FCEB1E23637F008CABB7 /* Project object */;
}
